Microsoft Visual Studio Solution File, Format Version 12.00
# Visual Studio Version 17
VisualStudioVersion = 17.5.2.0
MinimumVisualStudioVersion = 10.0.40219.1
Project("{FAE04EC0-301F-11D3-BF4B-00C04F79EFBC}") = "WebApi.Test", "WebApi.Test.csproj", "{B3220796-B03A-723E-DCCE-A2F2431736BF}"
EndProject
Global
	GlobalSection(SolutionConfigurationPlatforms) = preSolution
		Debug|Any CPU = Debug|Any CPU
		Release|Any CPU = Release|Any CPU
	EndGlobalSection
	GlobalSection(ProjectConfigurationPlatforms) = postSolution
		{B3220796-B03A-723E-DCCE-A2F2431736BF}.Debug|Any CPU.ActiveCfg = Debug|Any CPU
		{B3220796-B03A-723E-DCCE-A2F2431736BF}.Debug|Any CPU.Build.0 = Debug|Any CPU
		{B3220796-B03A-723E-DCCE-A2F2431736BF}.Release|Any CPU.ActiveCfg = Release|Any CPU
		{B3220796-B03A-723E-DCCE-A2F2431736BF}.Release|Any CPU.Build.0 = Release|Any CPU
	EndGlobalSection
	GlobalSection(SolutionProperties) = preSolution
		HideSolutionNode = FALSE
	EndGlobalSection
	GlobalSection(ExtensibilityGlobals) = postSolution
		SolutionGuid = {10F88DF6-D35F-46A7-80A0-BAA6AED81520}
	EndGlobalSection
EndGlobal
